<?xml version="1.0" encoding="utf-8"?>
<Project ToolsVersion="4.0" xmlns="http://schemas.microsoft.com/developer/msbuild/2003">
  <ItemGroup>
    <ClCompile Include="Main.cpp">
      <Filter>Source</Filter>
    </ClCompile>
    <ClCompile Include="..\..\MBGlobal.cpp">
      <Filter>ExternMB\Source</Filter>
    </ClCompile>
    <ClCompile Include="..\..\MRegion.cpp">
      <Filter>ExternMB\Source</Filter>
    </ClCompile>
  </ItemGroup>
  <ItemGroup>
    <ClInclude Include="assert.h">
      <Filter>Header</Filter>
    </ClInclude>
    <ClInclude Include="ContainersInl.h">
      <Filter>Header</Filter>
    </ClInclude>
    <ClInclude Include="GObjBase.h">
      <Filter>Header</Filter>
    </ClInclude>
    <ClInclude Include="GuardObjs.h">
      <Filter>Header</Filter>
    </ClInclude>
    <ClInclude Include="Rgn.h">
      <Filter>Header</Filter>
    </ClInclude>
    <ClInclude Include="..\..\mb_switch.h">
      <Filter>ExternMB\Header</Filter>
    </ClInclude>
    <ClInclude Include="..\..\MBGlobal.h">
      <Filter>ExternMB\Header</Filter>
    </ClInclude>
    <ClInclude Include="..\..\MRegion.h">
      <Filter>ExternMB\Header</Filter>
    </ClInclude>
  </ItemGroup>
  <ItemGroup>
    <Filter Include="Source">
      <UniqueIdentifier>{c0bbe63c-a4eb-4069-8ea8-e928af9d3270}</UniqueIdentifier>
      <Extensions>cpp;c;cc;cxx;def;odl;idl;hpj;bat;asm;asmx</Extensions>
    </Filter>
    <Filter Include="ExternMB">
      <UniqueIdentifier>{853559c7-f2ee-4345-9fd9-5cf1f04ce5e3}</UniqueIdentifier>
    </Filter>
    <Filter Include="ExternMB\Header">
      <UniqueIdentifier>{0777ac5f-9746-4922-ae28-1f1d1ecb5f16}</UniqueIdentifier>
    </Filter>
    <Filter Include="ExternMB\Source">
      <UniqueIdentifier>{3792bad5-408c-49eb-b018-623ea79b6a5d}</UniqueIdentifier>
    </Filter>
    <Filter Include="Header">
      <UniqueIdentifier>{ec74e7ca-2dde-4efb-86b6-db575af111b8}</UniqueIdentifier>
      <Extensions>h;hpp;hxx;hm;inl;inc;xsd</Extensions>
    </Filter>
  </ItemGroup>
</Project>