<?xml version="1.0" encoding="utf-8"?>
<Project ToolsVersion="4.0" xmlns="http://schemas.microsoft.com/developer/msbuild/2003">
  <ItemGroup>
    <Filter Include="Source">
      <UniqueIdentifier>{35aa0d2f-fded-4fab-a165-6fb1012b16eb}</UniqueIdentifier>
    </Filter>
    <Filter Include="ExternMB">
      <UniqueIdentifier>{96da4ac2-1756-4dd2-8542-3c3849a70594}</UniqueIdentifier>
    </Filter>
    <Filter Include="ExternMB\Header">
      <UniqueIdentifier>{c5bb1bed-227d-4024-ac84-64db48533adc}</UniqueIdentifier>
    </Filter>
    <Filter Include="ExternMB\Header\3rd">
      <UniqueIdentifier>{1d41d8e0-439f-4d41-bcb0-c0e51f6168d9}</UniqueIdentifier>
    </Filter>
    <Filter Include="ExternMB\Header\private">
      <UniqueIdentifier>{bc5ab1c1-b1ca-4dfc-aa1b-b8182b795f19}</UniqueIdentifier>
    </Filter>
    <Filter Include="ExternMB\Source">
      <UniqueIdentifier>{c3a79234-a52a-4776-a2b3-1f2e5147aadb}</UniqueIdentifier>
    </Filter>
    <Filter Include="ExternMB\Source\3rd">
      <UniqueIdentifier>{875bf48a-105d-4f67-ae91-48a7c1979064}</UniqueIdentifier>
    </Filter>
    <Filter Include="ExternMB\Source\private">
      <UniqueIdentifier>{1ff84431-9491-4b29-9273-134d10ebf048}</UniqueIdentifier>
    </Filter>
  </ItemGroup>
  <ItemGroup>
    <ClCompile Include="main.cpp">
      <Filter>Source</Filter>
    </ClCompile>
    <ClCompile Include="..\..\MApplication.cpp">
      <Filter>ExternMB\Source</Filter>
    </ClCompile>
    <ClCompile Include="..\..\MBGlobal.cpp">
      <Filter>ExternMB\Source</Filter>
    </ClCompile>
    <ClCompile Include="..\..\MCommonWidgets.cpp">
      <Filter>ExternMB\Source</Filter>
    </ClCompile>
    <ClCompile Include="..\..\MRegion.cpp">
      <Filter>ExternMB\Source</Filter>
    </ClCompile>
    <ClCompile Include="..\..\MResource.cpp">
      <Filter>ExternMB\Source</Filter>
    </ClCompile>
    <ClCompile Include="..\..\MStyleSheet.cpp">
      <Filter>ExternMB\Source</Filter>
    </ClCompile>
    <ClCompile Include="..\..\MWidget.cpp">
      <Filter>ExternMB\Source</Filter>
    </ClCompile>
    <ClCompile Include="..\..\3rd\XUnzip.cpp">
      <Filter>ExternMB\Source\3rd</Filter>
    </ClCompile>
    <ClCompile Include="..\..\private\CSSParser.cpp">
      <Filter>ExternMB\Source\private</Filter>
    </ClCompile>
    <ClCompile Include="..\..\private\MD2DPaintContextData.cpp">
      <Filter>ExternMB\Source\private</Filter>
    </ClCompile>
  </ItemGroup>
  <ItemGroup>
    <ClInclude Include="..\..\MApplication.h">
      <Filter>ExternMB\Header</Filter>
    </ClInclude>
    <ClInclude Include="..\..\MBGlobal.h">
      <Filter>ExternMB\Header</Filter>
    </ClInclude>
    <ClInclude Include="..\..\mb_switch.h">
      <Filter>ExternMB\Header</Filter>
    </ClInclude>
    <ClInclude Include="..\..\MCommonWidgets.h">
      <Filter>ExternMB\Header</Filter>
    </ClInclude>
    <ClInclude Include="..\..\MEvent.h">
      <Filter>ExternMB\Header</Filter>
    </ClInclude>
    <ClInclude Include="..\..\MRegion.h">
      <Filter>ExternMB\Header</Filter>
    </ClInclude>
    <ClInclude Include="..\..\MResource.h">
      <Filter>ExternMB\Header</Filter>
    </ClInclude>
    <ClInclude Include="..\..\MStyleSheet.h">
      <Filter>ExternMB\Header</Filter>
    </ClInclude>
    <ClInclude Include="..\..\MUtils.h">
      <Filter>ExternMB\Header</Filter>
    </ClInclude>
    <ClInclude Include="..\..\MWidget.h">
      <Filter>ExternMB\Header</Filter>
    </ClInclude>
    <ClInclude Include="..\..\MD2DPaintContext.h">
      <Filter>ExternMB\Header</Filter>
    </ClInclude>
    <ClInclude Include="..\..\3rd\ContainersInl.h">
      <Filter>ExternMB\Header\3rd</Filter>
    </ClInclude>
    <ClInclude Include="..\..\3rd\Delegate.h">
      <Filter>ExternMB\Header\3rd</Filter>
    </ClInclude>
    <ClInclude Include="..\..\3rd\Signal.h">
      <Filter>ExternMB\Header\3rd</Filter>
    </ClInclude>
    <ClInclude Include="..\..\3rd\XUnzip.h">
      <Filter>ExternMB\Header\3rd</Filter>
    </ClInclude>
    <ClInclude Include="..\..\private\CSSParser.h">
      <Filter>ExternMB\Header\private</Filter>
    </ClInclude>
    <ClInclude Include="..\..\private\MApp_p.h">
      <Filter>ExternMB\Header\private</Filter>
    </ClInclude>
    <ClInclude Include="..\..\private\MWidget_p.h">
      <Filter>ExternMB\Header\private</Filter>
    </ClInclude>
    <ClInclude Include="..\..\private\MD2DPaintContextData.h">
      <Filter>ExternMB\Header\private</Filter>
    </ClInclude>
  </ItemGroup>
</Project>