<?xml version="1.0" encoding="utf-8"?>
<Project ToolsVersion="4.0" xmlns="http://schemas.microsoft.com/developer/msbuild/2003">
  <ItemGroup>
    <Filter Include="Header">
      <UniqueIdentifier>{93995380-89BD-4b04-88EB-625FBE52EBFB}</UniqueIdentifier>
      <Extensions>h;hpp;hxx;hm;inl;inc;xsd</Extensions>
    </Filter>
    <Filter Include="Source">
      <UniqueIdentifier>{4FC737F1-C7A5-4376-A066-2A32D752A2FF}</UniqueIdentifier>
      <Extensions>cpp;c;cc;cxx;def;odl;idl;hpj;bat;asm;asmx</Extensions>
    </Filter>
    <Filter Include="resource">
      <UniqueIdentifier>{67DA6AB6-F800-4c08-8B7A-83BB121AAD01}</UniqueIdentifier>
      <Extensions>rc;ico;cur;bmp;dlg;rc2;rct;bin;rgs;gif;jpg;jpeg;jpe;resx;tiff;tif;png;wav;mfcribbon-ms</Extensions>
    </Filter>
    <Filter Include="ExternMB">
      <UniqueIdentifier>{d965489a-0422-4eaa-9dcc-728a72b7f8a4}</UniqueIdentifier>
    </Filter>
    <Filter Include="ExternMB\Header">
      <UniqueIdentifier>{2b4458be-09d2-4b94-be69-677afc374651}</UniqueIdentifier>
    </Filter>
    <Filter Include="ExternMB\Header\3rd">
      <UniqueIdentifier>{5924790d-ee2a-4fc9-9fb0-cadbddf48c86}</UniqueIdentifier>
    </Filter>
    <Filter Include="ExternMB\Header\private">
      <UniqueIdentifier>{958448e4-5347-4394-a361-6dc66c9c5585}</UniqueIdentifier>
    </Filter>
    <Filter Include="ExternMB\Source">
      <UniqueIdentifier>{7a20fbf8-733b-4616-9d24-6f8c0608687e}</UniqueIdentifier>
    </Filter>
    <Filter Include="ExternMB\Source\3rd">
      <UniqueIdentifier>{0d1cd087-b523-4fb0-860c-eef70aa151dd}</UniqueIdentifier>
    </Filter>
    <Filter Include="ExternMB\Source\private">
      <UniqueIdentifier>{bb723fc0-b8ee-438a-89e4-79642c32bae5}</UniqueIdentifier>
    </Filter>
  </ItemGroup>
  <ItemGroup>
    <None Include="small.ico">
      <Filter>resource</Filter>
    </None>
    <None Include="TestTrayIcon.ico">
      <Filter>resource</Filter>
    </None>
  </ItemGroup>
  <ItemGroup>
    <ClInclude Include="Resource.h">
      <Filter>Header</Filter>
    </ClInclude>
    <ClInclude Include="..\..\MApplication.h">
      <Filter>ExternMB\Header</Filter>
    </ClInclude>
    <ClInclude Include="..\..\MBGlobal.h">
      <Filter>ExternMB\Header</Filter>
    </ClInclude>
    <ClInclude Include="..\..\mb_switch.h">
      <Filter>ExternMB\Header</Filter>
    </ClInclude>
    <ClInclude Include="..\..\MCommonWidgets.h">
      <Filter>ExternMB\Header</Filter>
    </ClInclude>
    <ClInclude Include="..\..\MEvent.h">
      <Filter>ExternMB\Header</Filter>
    </ClInclude>
    <ClInclude Include="..\..\MRegion.h">
      <Filter>ExternMB\Header</Filter>
    </ClInclude>
    <ClInclude Include="..\..\MResource.h">
      <Filter>ExternMB\Header</Filter>
    </ClInclude>
    <ClInclude Include="..\..\MStyleSheet.h">
      <Filter>ExternMB\Header</Filter>
    </ClInclude>
    <ClInclude Include="..\..\MUtils.h">
      <Filter>ExternMB\Header</Filter>
    </ClInclude>
    <ClInclude Include="..\..\MWidget.h">
      <Filter>ExternMB\Header</Filter>
    </ClInclude>
    <ClInclude Include="..\..\MD2DPaintContext.h">
      <Filter>ExternMB\Header</Filter>
    </ClInclude>
    <ClInclude Include="..\..\3rd\ContainersInl.h">
      <Filter>ExternMB\Header\3rd</Filter>
    </ClInclude>
    <ClInclude Include="..\..\3rd\Delegate.h">
      <Filter>ExternMB\Header\3rd</Filter>
    </ClInclude>
    <ClInclude Include="..\..\3rd\Signal.h">
      <Filter>ExternMB\Header\3rd</Filter>
    </ClInclude>
    <ClInclude Include="..\..\3rd\XUnzip.h">
      <Filter>ExternMB\Header\3rd</Filter>
    </ClInclude>
    <ClInclude Include="..\..\private\CSSParser.h">
      <Filter>ExternMB\Header\private</Filter>
    </ClInclude>
    <ClInclude Include="..\..\private\MApp_p.h">
      <Filter>ExternMB\Header\private</Filter>
    </ClInclude>
    <ClInclude Include="..\..\private\MWidget_p.h">
      <Filter>ExternMB\Header\private</Filter>
    </ClInclude>
    <ClInclude Include="..\..\private\MD2DPaintContextData.h">
      <Filter>ExternMB\Header\private</Filter>
    </ClInclude>
  </ItemGroup>
  <ItemGroup>
    <ClCompile Include="main.cpp">
      <Filter>Header</Filter>
    </ClCompile>
    <ClCompile Include="..\..\MApplication.cpp">
      <Filter>ExternMB\Source</Filter>
    </ClCompile>
    <ClCompile Include="..\..\MBGlobal.cpp">
      <Filter>ExternMB\Source</Filter>
    </ClCompile>
    <ClCompile Include="..\..\MCommonWidgets.cpp">
      <Filter>ExternMB\Source</Filter>
    </ClCompile>
    <ClCompile Include="..\..\MRegion.cpp">
      <Filter>ExternMB\Source</Filter>
    </ClCompile>
    <ClCompile Include="..\..\MResource.cpp">
      <Filter>ExternMB\Source</Filter>
    </ClCompile>
    <ClCompile Include="..\..\MStyleSheet.cpp">
      <Filter>ExternMB\Source</Filter>
    </ClCompile>
    <ClCompile Include="..\..\MWidget.cpp">
      <Filter>ExternMB\Source</Filter>
    </ClCompile>
    <ClCompile Include="..\..\3rd\XUnzip.cpp">
      <Filter>ExternMB\Source\3rd</Filter>
    </ClCompile>
    <ClCompile Include="..\..\private\CSSParser.cpp">
      <Filter>ExternMB\Source\private</Filter>
    </ClCompile>
    <ClCompile Include="..\..\private\MD2DPaintContextData.cpp">
      <Filter>ExternMB\Source\private</Filter>
    </ClCompile>
  </ItemGroup>
  <ItemGroup>
    <ResourceCompile Include="TestTrayIcon.rc">
      <Filter>resource</Filter>
    </ResourceCompile>
  </ItemGroup>
</Project>