<?xml version="1.0" encoding="utf-8"?>
<Project ToolsVersion="4.0" xmlns="http://schemas.microsoft.com/developer/msbuild/2003">
  <ItemGroup>
    <Filter Include="ExternMB">
      <UniqueIdentifier>{1124e974-6c33-4f05-8181-7faee0a0d1c3}</UniqueIdentifier>
    </Filter>
    <Filter Include="ExternMB\Header">
      <UniqueIdentifier>{ef85c641-c913-4030-9abc-7f361d12ce36}</UniqueIdentifier>
    </Filter>
    <Filter Include="ExternMB\Header\3rd">
      <UniqueIdentifier>{3709481f-5b26-4c63-a881-bad626a25e5e}</UniqueIdentifier>
    </Filter>
    <Filter Include="ExternMB\Header\private">
      <UniqueIdentifier>{69c56438-65d8-448f-ac19-725c42bdfc6e}</UniqueIdentifier>
    </Filter>
    <Filter Include="ExternMB\Source">
      <UniqueIdentifier>{ba5616eb-5736-4cd9-8ca6-e9d56c7b4a28}</UniqueIdentifier>
    </Filter>
    <Filter Include="ExternMB\Source\3rd">
      <UniqueIdentifier>{be06f959-0de6-44dd-abc9-7b37a58c804d}</UniqueIdentifier>
    </Filter>
    <Filter Include="ExternMB\Source\private">
      <UniqueIdentifier>{ee805522-6d8f-405b-952f-db539851f96d}</UniqueIdentifier>
    </Filter>
    <Filter Include="Source">
      <UniqueIdentifier>{fab99780-51f7-4d65-948c-e4fc00137547}</UniqueIdentifier>
    </Filter>
    <Filter Include="Header">
      <UniqueIdentifier>{dc66ed5d-87f9-443b-927e-9fbb7f61d6cc}</UniqueIdentifier>
    </Filter>
  </ItemGroup>
  <ItemGroup>
    <ClInclude Include="..\..\MApplication.h">
      <Filter>ExternMB\Header</Filter>
    </ClInclude>
    <ClInclude Include="..\..\MBGlobal.h">
      <Filter>ExternMB\Header</Filter>
    </ClInclude>
    <ClInclude Include="..\..\MCommonWidgets.h">
      <Filter>ExternMB\Header</Filter>
    </ClInclude>
    <ClInclude Include="..\..\MEvent.h">
      <Filter>ExternMB\Header</Filter>
    </ClInclude>
    <ClInclude Include="..\..\MRegion.h">
      <Filter>ExternMB\Header</Filter>
    </ClInclude>
    <ClInclude Include="..\..\MResource.h">
      <Filter>ExternMB\Header</Filter>
    </ClInclude>
    <ClInclude Include="..\..\MStyleSheet.h">
      <Filter>ExternMB\Header</Filter>
    </ClInclude>
    <ClInclude Include="..\..\MUtils.h">
      <Filter>ExternMB\Header</Filter>
    </ClInclude>
    <ClInclude Include="..\..\MWidget.h">
      <Filter>ExternMB\Header</Filter>
    </ClInclude>
    <ClInclude Include="..\..\3rd\ContainersInl.h">
      <Filter>ExternMB\Header\3rd</Filter>
    </ClInclude>
    <ClInclude Include="..\..\3rd\Delegate.h">
      <Filter>ExternMB\Header\3rd</Filter>
    </ClInclude>
    <ClInclude Include="..\..\3rd\Signal.h">
      <Filter>ExternMB\Header\3rd</Filter>
    </ClInclude>
    <ClInclude Include="..\..\3rd\XUnzip.h">
      <Filter>ExternMB\Header\3rd</Filter>
    </ClInclude>
    <ClInclude Include="..\..\private\CSSParser.h">
      <Filter>ExternMB\Header\private</Filter>
    </ClInclude>
    <ClInclude Include="..\..\private\MApp_p.h">
      <Filter>ExternMB\Header\private</Filter>
    </ClInclude>
    <ClInclude Include="..\..\private\MWidget_p.h">
      <Filter>ExternMB\Header\private</Filter>
    </ClInclude>
    <ClInclude Include="MainWindow.h">
      <Filter>Header</Filter>
    </ClInclude>
    <ClInclude Include="..\..\private\RenderRuleData.h">
      <Filter>ExternMB\Header\private</Filter>
    </ClInclude>
    <ClInclude Include="..\..\MD2DUtils.h">
      <Filter>ExternMB\Header</Filter>
    </ClInclude>
    <ClInclude Include="..\..\MGraphicsResource.h">
      <Filter>ExternMB\Header</Filter>
    </ClInclude>
    <ClInclude Include="..\..\MGraphics.h">
      <Filter>ExternMB\Header</Filter>
    </ClInclude>
    <ClInclude Include="..\..\private\MD2DGraphicsData.h">
      <Filter>ExternMB\Header\private</Filter>
    </ClInclude>
    <ClInclude Include="..\..\private\MGDIGraphicsData.h">
      <Filter>ExternMB\Header\private</Filter>
    </ClInclude>
    <ClInclude Include="..\..\private\MGraphicsData.h">
      <Filter>ExternMB\Header\private</Filter>
    </ClInclude>
    <ClInclude Include="..\..\private\MSkiaGraphicsData.h">
      <Filter>ExternMB\Header\private</Filter>
    </ClInclude>
  </ItemGroup>
  <ItemGroup>
    <ClCompile Include="..\..\MApplication.cpp">
      <Filter>ExternMB\Source</Filter>
    </ClCompile>
    <ClCompile Include="..\..\MBGlobal.cpp">
      <Filter>ExternMB\Source</Filter>
    </ClCompile>
    <ClCompile Include="..\..\MCommonWidgets.cpp">
      <Filter>ExternMB\Source</Filter>
    </ClCompile>
    <ClCompile Include="..\..\MRegion.cpp">
      <Filter>ExternMB\Source</Filter>
    </ClCompile>
    <ClCompile Include="..\..\MResource.cpp">
      <Filter>ExternMB\Source</Filter>
    </ClCompile>
    <ClCompile Include="..\..\MStyleSheet.cpp">
      <Filter>ExternMB\Source</Filter>
    </ClCompile>
    <ClCompile Include="..\..\MWidget.cpp">
      <Filter>ExternMB\Source</Filter>
    </ClCompile>
    <ClCompile Include="..\..\3rd\XUnzip.cpp">
      <Filter>ExternMB\Source\3rd</Filter>
    </ClCompile>
    <ClCompile Include="..\..\private\CSSParser.cpp">
      <Filter>ExternMB\Source\private</Filter>
    </ClCompile>
    <ClCompile Include="MainWindow.cpp">
      <Filter>Source</Filter>
    </ClCompile>
    <ClCompile Include="main.cpp">
      <Filter>Source</Filter>
    </ClCompile>
    <ClCompile Include="..\..\MD2DUtils.cpp">
      <Filter>ExternMB\Source</Filter>
    </ClCompile>
    <ClCompile Include="..\..\private\RenderRule.cpp">
      <Filter>ExternMB\Source\private</Filter>
    </ClCompile>
    <ClCompile Include="..\..\MGraphics.cpp">
      <Filter>ExternMB\Source</Filter>
    </ClCompile>
    <ClCompile Include="..\..\MGraphicsResource.cpp">
      <Filter>ExternMB\Source</Filter>
    </ClCompile>
    <ClCompile Include="..\..\private\MD2DGraphicsData.cpp">
      <Filter>ExternMB\Source\private</Filter>
    </ClCompile>
    <ClCompile Include="..\..\private\MSkiaGraphicsData.cpp">
      <Filter>ExternMB\Source\private</Filter>
    </ClCompile>
  </ItemGroup>
</Project>