<?xml version="1.0" encoding="utf-8"?>
<Project ToolsVersion="4.0" xmlns="http://schemas.microsoft.com/developer/msbuild/2003">
  <ItemGroup>
    <ClCompile Include="main.cpp" />
    <ClCompile Include="..\..\MBGlobal.cpp" />
  </ItemGroup>
  <ItemGroup>
    <ClInclude Include="..\..\MBGlobal.h" />
    <ClInclude Include="..\..\mb_switch.h" />
  </ItemGroup>
</Project>